
Microsoft Visual Studio Solution File, Format Version 12.00
# Visual Studio Version 17
VisualStudioVersion = 17.3.32819.101
MinimumVisualStudioVersion = 10.0.40219.1
Project("{FAE04EC0-301F-11D3-BF4B-00C04F79EFBC}") = "ConsoleApp9", "ConsoleApp9\ConsoleApp9.csproj", "{3687695D-40C5-4D08-A9AB-FBAAC0B4A693}"
EndProject
Global
	GlobalSection(SolutionConfigurationPlatforms) = preSolution
		Debug|Any CPU = Debug|Any CPU
		Release|Any CPU = Release|Any CPU
	EndGlobalSection
	GlobalSection(ProjectConfigurationPlatforms) = postSolution
		{3687695D-40C5-4D08-A9AB-FBAAC0B4A693}.Debug|Any CPU.ActiveCfg = Debug|Any CPU
		{3687695D-40C5-4D08-A9AB-FBAAC0B4A693}.Debug|Any CPU.Build.0 = Debug|Any CPU
		{3687695D-40C5-4D08-A9AB-FBAAC0B4A693}.Release|Any CPU.ActiveCfg = Release|Any CPU
		{3687695D-40C5-4D08-A9AB-FBAAC0B4A693}.Release|Any CPU.Build.0 = Release|Any CPU
	EndGlobalSection
	GlobalSection(SolutionProperties) = preSolution
		HideSolutionNode = FALSE
	EndGlobalSection
	GlobalSection(ExtensibilityGlobals) = postSolution
		SolutionGuid = {F955BA45-7A85-49FE-B4A7-2FAAA39AC7D4}
	EndGlobalSection
EndGlobal
